
Microsoft Visual Studio Solution File, Format Version 12.00
# Visual Studio Version 16
VisualStudioVersion = 16.0.29519.87
MinimumVisualStudioVersion = 10.0.40219.1
Project("{9A19103F-16F7-4668-BE54-9A1E7A4F7556}") = "exercise_1", "exercise_1\exercise_1.csproj", "{B1230338-5CD2-44BA-91D9-780E45FD52F7}"
EndProject
Project("{9A19103F-16F7-4668-BE54-9A1E7A4F7556}") = "002_Ex", "002_Ex\002_Ex.csproj", "{A111398E-A50A-407E-927D-151FAF283256}"
EndProject
Project("{9A19103F-16F7-4668-BE54-9A1E7A4F7556}") = "003_Ex", "003_Ex\003_Ex.csproj", "{4F04B74A-2147-49C9-A738-39BD225E4EE3}"
EndProject
Project("{9A19103F-16F7-4668-BE54-9A1E7A4F7556}") = "005_Ex", "005_Ex\005_Ex.csproj", "{43BAD350-A81E-4E2C-BE40-1DEDF0C57403}"
EndProject
Project("{9A19103F-16F7-4668-BE54-9A1E7A4F7556}") = "006_Ex", "006_Ex\006_Ex.csproj", "{5DC5BE77-A9C4-498A-8196-93757F7AD0DE}"
EndProject
Project("{9A19103F-16F7-4668-BE54-9A1E7A4F7556}") = "007_Ex", "007_Ex\007_Ex.csproj", "{3DB2E49D-167C-476E-AEDD-6971EBDDC6CB}"
EndProject
Project("{FAE04EC0-301F-11D3-BF4B-00C04F79EFBC}") = "008_EX", "008_EX\008_EX.csproj", "{B299426C-F24F-4EF0-B144-88DFEB6CBFD1}"
EndProject
Project("{FAE04EC0-301F-11D3-BF4B-00C04F79EFBC}") = "009_Ex", "009_Ex\009_Ex.csproj", "{15BB850C-E4E3-44D5-9B1D-4E8BDD7A1F51}"
EndProject
Project("{FAE04EC0-301F-11D3-BF4B-00C04F79EFBC}") = "010_Ex", "010_Ex\010_Ex.csproj", "{1D05ABFC-BA40-41A4-A9D3-3AACD378EBE4}"
EndProject
Project("{FAE04EC0-301F-11D3-BF4B-00C04F79EFBC}") = "011_Ex", "011_Ex\011_Ex.csproj", "{07161E69-FE2B-49AB-A70C-872DD9D4D2BC}"
EndProject
Project("{FAE04EC0-301F-11D3-BF4B-00C04F79EFBC}") = "012_Ex", "012_Ex\012_Ex.csproj", "{C7AEF8A0-FA36-4DCA-BE8C-DDEFD9688007}"
EndProject
Project("{FAE04EC0-301F-11D3-BF4B-00C04F79EFBC}") = "013_Ex", "013_Ex\013_Ex.csproj", "{B4F9B92C-A018-4938-9D03-7A4B176AE79D}"
EndProject
Project("{FAE04EC0-301F-11D3-BF4B-00C04F79EFBC}") = "014_Ex", "014_Ex\014_Ex.csproj", "{6930CE90-1EC7-4E21-B394-CE86A8E6AAC2}"
EndProject
Project("{FAE04EC0-301F-11D3-BF4B-00C04F79EFBC}") = "016_Ex", "016_Ex\016_Ex.csproj", "{0485CC6C-E1DB-47A8-A86B-F0839A061621}"
EndProject
Global
	GlobalSection(SolutionConfigurationPlatforms) = preSolution
		Debug|Any CPU = Debug|Any CPU
		Release|Any CPU = Release|Any CPU
	EndGlobalSection
	GlobalSection(ProjectConfigurationPlatforms) = postSolution
		{B1230338-5CD2-44BA-91D9-780E45FD52F7}.Debug|Any CPU.ActiveCfg = Debug|Any CPU
		{B1230338-5CD2-44BA-91D9-780E45FD52F7}.Debug|Any CPU.Build.0 = Debug|Any CPU
		{B1230338-5CD2-44BA-91D9-780E45FD52F7}.Release|Any CPU.ActiveCfg = Release|Any CPU
		{B1230338-5CD2-44BA-91D9-780E45FD52F7}.Release|Any CPU.Build.0 = Release|Any CPU
		{A111398E-A50A-407E-927D-151FAF283256}.Debug|Any CPU.ActiveCfg = Debug|Any CPU
		{A111398E-A50A-407E-927D-151FAF283256}.Debug|Any CPU.Build.0 = Debug|Any CPU
		{A111398E-A50A-407E-927D-151FAF283256}.Release|Any CPU.ActiveCfg = Release|Any CPU
		{A111398E-A50A-407E-927D-151FAF283256}.Release|Any CPU.Build.0 = Release|Any CPU
		{4F04B74A-2147-49C9-A738-39BD225E4EE3}.Debug|Any CPU.ActiveCfg = Debug|Any CPU
		{4F04B74A-2147-49C9-A738-39BD225E4EE3}.Debug|Any CPU.Build.0 = Debug|Any CPU
		{4F04B74A-2147-49C9-A738-39BD225E4EE3}.Release|Any CPU.ActiveCfg = Release|Any CPU
		{4F04B74A-2147-49C9-A738-39BD225E4EE3}.Release|Any CPU.Build.0 = Release|Any CPU
		{43BAD350-A81E-4E2C-BE40-1DEDF0C57403}.Debug|Any CPU.ActiveCfg = Debug|Any CPU
		{43BAD350-A81E-4E2C-BE40-1DEDF0C57403}.Debug|Any CPU.Build.0 = Debug|Any CPU
		{43BAD350-A81E-4E2C-BE40-1DEDF0C57403}.Release|Any CPU.ActiveCfg = Release|Any CPU
		{43BAD350-A81E-4E2C-BE40-1DEDF0C57403}.Release|Any CPU.Build.0 = Release|Any CPU
		{5DC5BE77-A9C4-498A-8196-93757F7AD0DE}.Debug|Any CPU.ActiveCfg = Debug|Any CPU
		{5DC5BE77-A9C4-498A-8196-93757F7AD0DE}.Debug|Any CPU.Build.0 = Debug|Any CPU
		{5DC5BE77-A9C4-498A-8196-93757F7AD0DE}.Release|Any CPU.ActiveCfg = Release|Any CPU
		{5DC5BE77-A9C4-498A-8196-93757F7AD0DE}.Release|Any CPU.Build.0 = Release|Any CPU
		{3DB2E49D-167C-476E-AEDD-6971EBDDC6CB}.Debug|Any CPU.ActiveCfg = Debug|Any CPU
		{3DB2E49D-167C-476E-AEDD-6971EBDDC6CB}.Debug|Any CPU.Build.0 = Debug|Any CPU
		{3DB2E49D-167C-476E-AEDD-6971EBDDC6CB}.Release|Any CPU.ActiveCfg = Release|Any CPU
		{3DB2E49D-167C-476E-AEDD-6971EBDDC6CB}.Release|Any CPU.Build.0 = Release|Any CPU
		{B299426C-F24F-4EF0-B144-88DFEB6CBFD1}.Debug|Any CPU.ActiveCfg = Debug|Any CPU
		{B299426C-F24F-4EF0-B144-88DFEB6CBFD1}.Debug|Any CPU.Build.0 = Debug|Any CPU
		{B299426C-F24F-4EF0-B144-88DFEB6CBFD1}.Release|Any CPU.ActiveCfg = Release|Any CPU
		{B299426C-F24F-4EF0-B144-88DFEB6CBFD1}.Release|Any CPU.Build.0 = Release|Any CPU
		{15BB850C-E4E3-44D5-9B1D-4E8BDD7A1F51}.Debug|Any CPU.ActiveCfg = Debug|Any CPU
		{15BB850C-E4E3-44D5-9B1D-4E8BDD7A1F51}.Debug|Any CPU.Build.0 = Debug|Any CPU
		{15BB850C-E4E3-44D5-9B1D-4E8BDD7A1F51}.Release|Any CPU.ActiveCfg = Release|Any CPU
		{15BB850C-E4E3-44D5-9B1D-4E8BDD7A1F51}.Release|Any CPU.Build.0 = Release|Any CPU
		{1D05ABFC-BA40-41A4-A9D3-3AACD378EBE4}.Debug|Any CPU.ActiveCfg = Debug|Any CPU
		{1D05ABFC-BA40-41A4-A9D3-3AACD378EBE4}.Debug|Any CPU.Build.0 = Debug|Any CPU
		{1D05ABFC-BA40-41A4-A9D3-3AACD378EBE4}.Release|Any CPU.ActiveCfg = Release|Any CPU
		{1D05ABFC-BA40-41A4-A9D3-3AACD378EBE4}.Release|Any CPU.Build.0 = Release|Any CPU
		{07161E69-FE2B-49AB-A70C-872DD9D4D2BC}.Debug|Any CPU.ActiveCfg = Debug|Any CPU
		{07161E69-FE2B-49AB-A70C-872DD9D4D2BC}.Debug|Any CPU.Build.0 = Debug|Any CPU
		{07161E69-FE2B-49AB-A70C-872DD9D4D2BC}.Release|Any CPU.ActiveCfg = Release|Any CPU
		{07161E69-FE2B-49AB-A70C-872DD9D4D2BC}.Release|Any CPU.Build.0 = Release|Any CPU
		{C7AEF8A0-FA36-4DCA-BE8C-DDEFD9688007}.Debug|Any CPU.ActiveCfg = Debug|Any CPU
		{C7AEF8A0-FA36-4DCA-BE8C-DDEFD9688007}.Debug|Any CPU.Build.0 = Debug|Any CPU
		{C7AEF8A0-FA36-4DCA-BE8C-DDEFD9688007}.Release|Any CPU.ActiveCfg = Release|Any CPU
		{C7AEF8A0-FA36-4DCA-BE8C-DDEFD9688007}.Release|Any CPU.Build.0 = Release|Any CPU
		{B4F9B92C-A018-4938-9D03-7A4B176AE79D}.Debug|Any CPU.ActiveCfg = Debug|Any CPU
		{B4F9B92C-A018-4938-9D03-7A4B176AE79D}.Debug|Any CPU.Build.0 = Debug|Any CPU
		{B4F9B92C-A018-4938-9D03-7A4B176AE79D}.Release|Any CPU.ActiveCfg = Release|Any CPU
		{B4F9B92C-A018-4938-9D03-7A4B176AE79D}.Release|Any CPU.Build.0 = Release|Any CPU
		{6930CE90-1EC7-4E21-B394-CE86A8E6AAC2}.Debug|Any CPU.ActiveCfg = Debug|Any CPU
		{6930CE90-1EC7-4E21-B394-CE86A8E6AAC2}.Debug|Any CPU.Build.0 = Debug|Any CPU
		{6930CE90-1EC7-4E21-B394-CE86A8E6AAC2}.Release|Any CPU.ActiveCfg = Release|Any CPU
		{6930CE90-1EC7-4E21-B394-CE86A8E6AAC2}.Release|Any CPU.Build.0 = Release|Any CPU
		{0485CC6C-E1DB-47A8-A86B-F0839A061621}.Debug|Any CPU.ActiveCfg = Debug|Any CPU
		{0485CC6C-E1DB-47A8-A86B-F0839A061621}.Debug|Any CPU.Build.0 = Debug|Any CPU
		{0485CC6C-E1DB-47A8-A86B-F0839A061621}.Release|Any CPU.ActiveCfg = Release|Any CPU
		{0485CC6C-E1DB-47A8-A86B-F0839A061621}.Release|Any CPU.Build.0 = Release|Any CPU
	EndGlobalSection
	GlobalSection(SolutionProperties) = preSolution
		HideSolutionNode = FALSE
	EndGlobalSection
	GlobalSection(ExtensibilityGlobals) = postSolution
		SolutionGuid = {23E7F53E-3BC0-4645-B8C4-AC952FD50590}
	EndGlobalSection
EndGlobal
